
Microsoft Visual Studio Solution File, Format Version 12.00
# Visual Studio Version 17
VisualStudioVersion = 17.11.35208.52
MinimumVisualStudioVersion = 10.0.40219.1
Project("{FAE04EC0-301F-11D3-BF4B-00C04F79EFBC}") = "WebApplication1", "WebApplication1\WebApplication1.csproj", "{5A325503-DFA9-489E-A9B5-7074C95E9082}"
EndProject
Global
	GlobalSection(SolutionConfigurationPlatforms) = preSolution
		Debug|Any CPU = Debug|Any CPU
		Release|Any CPU = Release|Any CPU
	EndGlobalSection
	GlobalSection(ProjectConfigurationPlatforms) = postSolution
		{5A325503-DFA9-489E-A9B5-7074C95E9082}.Debug|Any CPU.ActiveCfg = Debug|Any CPU
		{5A325503-DFA9-489E-A9B5-7074C95E9082}.Debug|Any CPU.Build.0 = Debug|Any CPU
		{5A325503-DFA9-489E-A9B5-7074C95E9082}.Release|Any CPU.ActiveCfg = Release|Any CPU
		{5A325503-DFA9-489E-A9B5-7074C95E9082}.Release|Any CPU.Build.0 = Release|Any CPU
	EndGlobalSection
	GlobalSection(SolutionProperties) = preSolution
		HideSolutionNode = FALSE
	EndGlobalSection
	GlobalSection(ExtensibilityGlobals) = postSolution
		SolutionGuid = {6D40E6F6-AA44-4471-BBB8-ADCD367EE01C}
	EndGlobalSection
EndGlobal
